
Microsoft Visual Studio Solution File, Format Version 12.00
# Visual Studio Version 16
VisualStudioVersion = 16.0.32510.428
MinimumVisualStudioVersion = 10.0.40219.1
Project("{FAE04EC0-301F-11D3-BF4B-00C04F79EFBC}") = "NanpaoChillerSystemV2", "NanpaoChillerSystemV2\NanpaoChillerSystemV2.csproj", "{C94EAA68-7093-4DD5-A35A-619EA393CBEF}"
EndProject
Project("{00D1A9C2-B5F0-4AF3-8072-F6C62B433612}") = "NanpaoChillerV2", "NanpaoChillerV2\NanpaoChillerV2.sqlproj", "{A6DEBC1B-08F7-4886-B73F-DCCD1BDA43DA}"
EndProject
Global
	GlobalSection(SolutionConfigurationPlatforms) = preSolution
		Debug|Any CPU = Debug|Any CPU
		Release|Any CPU = Release|Any CPU
	EndGlobalSection
	GlobalSection(ProjectConfigurationPlatforms) = postSolution
		{C94EAA68-7093-4DD5-A35A-619EA393CBEF}.Debug|Any CPU.ActiveCfg = Debug|Any CPU
		{C94EAA68-7093-4DD5-A35A-619EA393CBEF}.Debug|Any CPU.Build.0 = Debug|Any CPU
		{C94EAA68-7093-4DD5-A35A-619EA393CBEF}.Release|Any CPU.ActiveCfg = Release|Any CPU
		{C94EAA68-7093-4DD5-A35A-619EA393CBEF}.Release|Any CPU.Build.0 = Release|Any CPU
		{A6DEBC1B-08F7-4886-B73F-DCCD1BDA43DA}.Debug|Any CPU.ActiveCfg = Debug|Any CPU
		{A6DEBC1B-08F7-4886-B73F-DCCD1BDA43DA}.Debug|Any CPU.Build.0 = Debug|Any CPU
		{A6DEBC1B-08F7-4886-B73F-DCCD1BDA43DA}.Debug|Any CPU.Deploy.0 = Debug|Any CPU
		{A6DEBC1B-08F7-4886-B73F-DCCD1BDA43DA}.Release|Any CPU.ActiveCfg = Release|Any CPU
		{A6DEBC1B-08F7-4886-B73F-DCCD1BDA43DA}.Release|Any CPU.Build.0 = Release|Any CPU
		{A6DEBC1B-08F7-4886-B73F-DCCD1BDA43DA}.Release|Any CPU.Deploy.0 = Release|Any CPU
	EndGlobalSection
	GlobalSection(SolutionProperties) = preSolution
		HideSolutionNode = FALSE
	EndGlobalSection
	GlobalSection(ExtensibilityGlobals) = postSolution
		SolutionGuid = {F80BAC16-AE7A-4F0F-BC6D-188060BCCF98}
	EndGlobalSection
EndGlobal
